
Microsoft Visual Studio Solution File, Format Version 12.00
# Visual Studio Version 17
VisualStudioVersion = 17.2.32630.192
MinimumVisualStudioVersion = 10.0.40219.1
Project("{FAE04EC0-301F-11D3-BF4B-00C04F79EFBC}") = "HelloWorld", "HelloWorld\HelloWorld.csproj", "{EA7D2187-BE88-4D88-ADBD-187E38A785B8}"
EndProject
Global
	GlobalSection(SolutionConfigurationPlatforms) = preSolution
		Debug|Any CPU = Debug|Any CPU
		Release|Any CPU = Release|Any CPU
	EndGlobalSection
	GlobalSection(ProjectConfigurationPlatforms) = postSolution
		{EA7D2187-BE88-4D88-ADBD-187E38A785B8}.Debug|Any CPU.ActiveCfg = Debug|Any CPU
		{EA7D2187-BE88-4D88-ADBD-187E38A785B8}.Debug|Any CPU.Build.0 = Debug|Any CPU
		{EA7D2187-BE88-4D88-ADBD-187E38A785B8}.Release|Any CPU.ActiveCfg = Release|Any CPU
		{EA7D2187-BE88-4D88-ADBD-187E38A785B8}.Release|Any CPU.Build.0 = Release|Any CPU
	EndGlobalSection
	GlobalSection(SolutionProperties) = preSolution
		HideSolutionNode = FALSE
	EndGlobalSection
	GlobalSection(ExtensibilityGlobals) = postSolution
		SolutionGuid = {F22E7ACC-D1B8-4A2B-BC52-E89C9D091F39}
	EndGlobalSection
EndGlobal
